
Microsoft Visual Studio Solution File, Format Version 12.00
# Visual Studio Version 17
VisualStudioVersion = 17.0.32014.148
MinimumVisualStudioVersion = 10.0.40219.1
Project("{FAE04EC0-301F-11D3-BF4B-00C04F79EFBC}") = "ConsoleApp1", "ConsoleApp1\ConsoleApp1.csproj", "{170E60AC-A43E-434A-949B-93AE25CD52F8}"
EndProject
Global
	GlobalSection(SolutionConfigurationPlatforms) = preSolution
		Debug|Any CPU = Debug|Any CPU
		Release|Any CPU = Release|Any CPU
	EndGlobalSection
	GlobalSection(ProjectConfigurationPlatforms) = postSolution
		{170E60AC-A43E-434A-949B-93AE25CD52F8}.Debug|Any CPU.ActiveCfg = Debug|Any CPU
		{170E60AC-A43E-434A-949B-93AE25CD52F8}.Debug|Any CPU.Build.0 = Debug|Any CPU
		{170E60AC-A43E-434A-949B-93AE25CD52F8}.Release|Any CPU.ActiveCfg = Release|Any CPU
		{170E60AC-A43E-434A-949B-93AE25CD52F8}.Release|Any CPU.Build.0 = Release|Any CPU
	EndGlobalSection
	GlobalSection(SolutionProperties) = preSolution
		HideSolutionNode = FALSE
	EndGlobalSection
	GlobalSection(ExtensibilityGlobals) = postSolution
		SolutionGuid = {39C751DB-EB5C-4DB5-BE6F-B37B2F5718B9}
	EndGlobalSection
EndGlobal
